
Microsoft Visual Studio Solution File, Format Version 12.00
# Visual Studio 15
VisualStudioVersion = 15.0.28307.329
MinimumVisualStudioVersion = 10.0.40219.1
Project("{9A19103F-16F7-4668-BE54-9A1E7A4F7556}") = "Calcuator2", "Calcuator2\Calcuator2.csproj", "{41338911-C10D-42E2-A843-7B7B429B6A30}"
EndProject
Project("{FAE04EC0-301F-11D3-BF4B-00C04F79EFBC}") = "Calcuator2.Tests", "Calcuator2.Tests\Calcuator2.Tests.csproj", "{8344F1B5-384C-462B-AAE5-922DC41AA305}"
EndProject
Global
	GlobalSection(SolutionConfigurationPlatforms) = preSolution
		Debug|Any CPU = Debug|Any CPU
		Release|Any CPU = Release|Any CPU
	EndGlobalSection
	GlobalSection(ProjectConfigurationPlatforms) = postSolution
		{41338911-C10D-42E2-A843-7B7B429B6A30}.Debug|Any CPU.ActiveCfg = Debug|Any CPU
		{41338911-C10D-42E2-A843-7B7B429B6A30}.Debug|Any CPU.Build.0 = Debug|Any CPU
		{41338911-C10D-42E2-A843-7B7B429B6A30}.Release|Any CPU.ActiveCfg = Release|Any CPU
		{41338911-C10D-42E2-A843-7B7B429B6A30}.Release|Any CPU.Build.0 = Release|Any CPU
		{8344F1B5-384C-462B-AAE5-922DC41AA305}.Debug|Any CPU.ActiveCfg = Debug|Any CPU
		{8344F1B5-384C-462B-AAE5-922DC41AA305}.Debug|Any CPU.Build.0 = Debug|Any CPU
		{8344F1B5-384C-462B-AAE5-922DC41AA305}.Release|Any CPU.ActiveCfg = Release|Any CPU
		{8344F1B5-384C-462B-AAE5-922DC41AA305}.Release|Any CPU.Build.0 = Release|Any CPU
	EndGlobalSection
	GlobalSection(SolutionProperties) = preSolution
		HideSolutionNode = FALSE
	EndGlobalSection
	GlobalSection(ExtensibilityGlobals) = postSolution
		SolutionGuid = {562F5164-844A-4CB2-9C99-08C0441BDDFA}
	EndGlobalSection
EndGlobal
